
Microsoft Visual Studio Solution File, Format Version 12.00
# Visual Studio Version 16
VisualStudioVersion = 16.0.29519.87
MinimumVisualStudioVersion = 10.0.40219.1
Project("{FAE04EC0-301F-11D3-BF4B-00C04F79EFBC}") = "MaintenanceRequests", "ServiceRequests\MaintenanceRequests.csproj", "{3BF1876C-9176-4562-B2DB-7B3AAD1D0D7C}"
EndProject
Project("{FAE04EC0-301F-11D3-BF4B-00C04F79EFBC}") = "MaintenanceRequests.Tests", "ServiceRequests.Tests\MaintenanceRequests.Tests.csproj", "{46C5889F-A30F-467B-BDD9-67DDEBFB1C32}"
EndProject
Global
	GlobalSection(SolutionConfigurationPlatforms) = preSolution
		Debug|Any CPU = Debug|Any CPU
		Release|Any CPU = Release|Any CPU
	EndGlobalSection
	GlobalSection(ProjectConfigurationPlatforms) = postSolution
		{3BF1876C-9176-4562-B2DB-7B3AAD1D0D7C}.Debug|Any CPU.ActiveCfg = Debug|Any CPU
		{3BF1876C-9176-4562-B2DB-7B3AAD1D0D7C}.Debug|Any CPU.Build.0 = Debug|Any CPU
		{3BF1876C-9176-4562-B2DB-7B3AAD1D0D7C}.Release|Any CPU.ActiveCfg = Release|Any CPU
		{3BF1876C-9176-4562-B2DB-7B3AAD1D0D7C}.Release|Any CPU.Build.0 = Release|Any CPU
		{46C5889F-A30F-467B-BDD9-67DDEBFB1C32}.Debug|Any CPU.ActiveCfg = Debug|Any CPU
		{46C5889F-A30F-467B-BDD9-67DDEBFB1C32}.Debug|Any CPU.Build.0 = Debug|Any CPU
		{46C5889F-A30F-467B-BDD9-67DDEBFB1C32}.Release|Any CPU.ActiveCfg = Release|Any CPU
		{46C5889F-A30F-467B-BDD9-67DDEBFB1C32}.Release|Any CPU.Build.0 = Release|Any CPU
	EndGlobalSection
	GlobalSection(SolutionProperties) = preSolution
		HideSolutionNode = FALSE
	EndGlobalSection
	GlobalSection(ExtensibilityGlobals) = postSolution
		SolutionGuid = {98E0FF1F-D940-416F-8138-485A0B692D38}
	EndGlobalSection
EndGlobal
